github.com/gofrs/uuid v4.3.1+incompatible h1:0/KbAdpx3UXAx1kEOWHJeOkpbgRFGHVgv+CFIY7dBJI=
github.com/gofrs/uuid v4.3.1+incompatible/go.mod h1:b2aQJv3Z4Fp6yNu3cdSllBxTCLRxnplIgP/c0N/04lM=
github.com/peakedshout/go-CFC v1.3.5-beta.1 h1:5ZjUb4+whE1v1FnuXdZOXb2DOuVfrXlqkmw0E6BjfJE=
github.com/peakedshout/go-CFC v1.3.5-beta.1/go.mod h1:mJjX6jVQVD7M6LAshuseMCT8A4tEZYrjKLdwrs+ZnjE=
